
Microsoft Visual Studio Solution File, Format Version 12.00
# Visual Studio 14
VisualStudioVersion = 14.0.23107.0
MinimumVisualStudioVersion = 10.0.40219.1
Project("{FAE04EC0-301F-11D3-BF4B-00C04F79EFBC}") = "01. HumanStudentAndWorker", "01. HumanStudentAndWorker\01. HumanStudentAndWorker.csproj", "{A2CFA06D-195E-4953-AC97-EAF303216472}"
EndProject
Project("{FAE04EC0-301F-11D3-BF4B-00C04F79EFBC}") = "02. Animals", "02. Animals\02. Animals.csproj", "{6CDDF5FE-057A-4B7C-951F-ADA6D0EDAC16}"
EndProject
Project("{FAE04EC0-301F-11D3-BF4B-00C04F79EFBC}") = "03. CompanyHierarchy", "03. CompanyHierarchy\03. CompanyHierarchy.csproj", "{FA99AFA1-7C5B-44CC-9410-14B99535776B}"
EndProject
Global
	GlobalSection(SolutionConfigurationPlatforms) = preSolution
		Debug|Any CPU = Debug|Any CPU
		Release|Any CPU = Release|Any CPU
	EndGlobalSection
	GlobalSection(ProjectConfigurationPlatforms) = postSolution
		{A2CFA06D-195E-4953-AC97-EAF303216472}.Debug|Any CPU.ActiveCfg = Debug|Any CPU
		{A2CFA06D-195E-4953-AC97-EAF303216472}.Debug|Any CPU.Build.0 = Debug|Any CPU
		{A2CFA06D-195E-4953-AC97-EAF303216472}.Release|Any CPU.ActiveCfg = Release|Any CPU
		{A2CFA06D-195E-4953-AC97-EAF303216472}.Release|Any CPU.Build.0 = Release|Any CPU
		{6CDDF5FE-057A-4B7C-951F-ADA6D0EDAC16}.Debug|Any CPU.ActiveCfg = Debug|Any CPU
		{6CDDF5FE-057A-4B7C-951F-ADA6D0EDAC16}.Debug|Any CPU.Build.0 = Debug|Any CPU
		{6CDDF5FE-057A-4B7C-951F-ADA6D0EDAC16}.Release|Any CPU.ActiveCfg = Release|Any CPU
		{6CDDF5FE-057A-4B7C-951F-ADA6D0EDAC16}.Release|Any CPU.Build.0 = Release|Any CPU
		{FA99AFA1-7C5B-44CC-9410-14B99535776B}.Debug|Any CPU.ActiveCfg = Debug|Any CPU
		{FA99AFA1-7C5B-44CC-9410-14B99535776B}.Debug|Any CPU.Build.0 = Debug|Any CPU
		{FA99AFA1-7C5B-44CC-9410-14B99535776B}.Release|Any CPU.ActiveCfg = Release|Any CPU
		{FA99AFA1-7C5B-44CC-9410-14B99535776B}.Release|Any CPU.Build.0 = Release|Any CPU
	EndGlobalSection
	GlobalSection(SolutionProperties) = preSolution
		HideSolutionNode = FALSE
	EndGlobalSection
EndGlobal
