
Microsoft Visual Studio Solution File, Format Version 12.00
# Visual Studio 14
VisualStudioVersion = 14.0.23107.0
MinimumVisualStudioVersion = 10.0.40219.1
Project("{FAE04EC0-301F-11D3-BF4B-00C04F79EFBC}") = "01. Persons", "01. Person\01. Persons.csproj", "{A13DC2F2-5E2E-491E-938E-B005E68D9C16}"
EndProject
Project("{FAE04EC0-301F-11D3-BF4B-00C04F79EFBC}") = "02. LaptopShop", "02. LaptopShop\02. LaptopShop.csproj", "{3E9BBAEC-D432-4D28-866B-55E77C493230}"
EndProject
Project("{FAE04EC0-301F-11D3-BF4B-00C04F79EFBC}") = "03. PCCatalog", "03. PCCatalog\03. PCCatalog.csproj", "{F8722C9C-2BD7-4D5F-80A9-EB18127FF8AC}"
EndProject
Global
	GlobalSection(SolutionConfigurationPlatforms) = preSolution
		Debug|Any CPU = Debug|Any CPU
		Release|Any CPU = Release|Any CPU
	EndGlobalSection
	GlobalSection(ProjectConfigurationPlatforms) = postSolution
		{A13DC2F2-5E2E-491E-938E-B005E68D9C16}.Debug|Any CPU.ActiveCfg = Debug|Any CPU
		{A13DC2F2-5E2E-491E-938E-B005E68D9C16}.Debug|Any CPU.Build.0 = Debug|Any CPU
		{A13DC2F2-5E2E-491E-938E-B005E68D9C16}.Release|Any CPU.ActiveCfg = Release|Any CPU
		{A13DC2F2-5E2E-491E-938E-B005E68D9C16}.Release|Any CPU.Build.0 = Release|Any CPU
		{3E9BBAEC-D432-4D28-866B-55E77C493230}.Debug|Any CPU.ActiveCfg = Debug|Any CPU
		{3E9BBAEC-D432-4D28-866B-55E77C493230}.Debug|Any CPU.Build.0 = Debug|Any CPU
		{3E9BBAEC-D432-4D28-866B-55E77C493230}.Release|Any CPU.ActiveCfg = Release|Any CPU
		{3E9BBAEC-D432-4D28-866B-55E77C493230}.Release|Any CPU.Build.0 = Release|Any CPU
		{F8722C9C-2BD7-4D5F-80A9-EB18127FF8AC}.Debug|Any CPU.ActiveCfg = Debug|Any CPU
		{F8722C9C-2BD7-4D5F-80A9-EB18127FF8AC}.Debug|Any CPU.Build.0 = Debug|Any CPU
		{F8722C9C-2BD7-4D5F-80A9-EB18127FF8AC}.Release|Any CPU.ActiveCfg = Release|Any CPU
		{F8722C9C-2BD7-4D5F-80A9-EB18127FF8AC}.Release|Any CPU.Build.0 = Release|Any CPU
	EndGlobalSection
	GlobalSection(SolutionProperties) = preSolution
		HideSolutionNode = FALSE
	EndGlobalSection
EndGlobal
