
Microsoft Visual Studio Solution File, Format Version 12.00
# Visual Studio 14
VisualStudioVersion = 14.0.23107.0
MinimumVisualStudioVersion = 10.0.40219.1
Project("{FAE04EC0-301F-11D3-BF4B-00C04F79EFBC}") = "02. BankOfKurtovoKonare", "02. BankOfKurtovoKonare\02. BankOfKurtovoKonare.csproj", "{7F282CAD-9312-49C9-ADDF-9C38CC817F9E}"
EndProject
Project("{FAE04EC0-301F-11D3-BF4B-00C04F79EFBC}") = "01. Shapes", "01. Shapes\01. Shapes.csproj", "{FCA44D1D-9384-4899-A61F-70511BB46E9D}"
EndProject
Project("{FAE04EC0-301F-11D3-BF4B-00C04F79EFBC}") = "TheSlum", "03. GameEngine\TheSlum.csproj", "{7C6F7F25-2FDB-401F-B1A9-D8CE3BB7308D}"
EndProject
Global
	GlobalSection(SolutionConfigurationPlatforms) = preSolution
		Debug|Any CPU = Debug|Any CPU
		Release|Any CPU = Release|Any CPU
	EndGlobalSection
	GlobalSection(ProjectConfigurationPlatforms) = postSolution
		{7F282CAD-9312-49C9-ADDF-9C38CC817F9E}.Debug|Any CPU.ActiveCfg = Debug|Any CPU
		{7F282CAD-9312-49C9-ADDF-9C38CC817F9E}.Debug|Any CPU.Build.0 = Debug|Any CPU
		{7F282CAD-9312-49C9-ADDF-9C38CC817F9E}.Release|Any CPU.ActiveCfg = Release|Any CPU
		{7F282CAD-9312-49C9-ADDF-9C38CC817F9E}.Release|Any CPU.Build.0 = Release|Any CPU
		{FCA44D1D-9384-4899-A61F-70511BB46E9D}.Debug|Any CPU.ActiveCfg = Debug|Any CPU
		{FCA44D1D-9384-4899-A61F-70511BB46E9D}.Debug|Any CPU.Build.0 = Debug|Any CPU
		{FCA44D1D-9384-4899-A61F-70511BB46E9D}.Release|Any CPU.ActiveCfg = Release|Any CPU
		{FCA44D1D-9384-4899-A61F-70511BB46E9D}.Release|Any CPU.Build.0 = Release|Any CPU
		{7C6F7F25-2FDB-401F-B1A9-D8CE3BB7308D}.Debug|Any CPU.ActiveCfg = Debug|Any CPU
		{7C6F7F25-2FDB-401F-B1A9-D8CE3BB7308D}.Debug|Any CPU.Build.0 = Debug|Any CPU
		{7C6F7F25-2FDB-401F-B1A9-D8CE3BB7308D}.Release|Any CPU.ActiveCfg = Release|Any CPU
		{7C6F7F25-2FDB-401F-B1A9-D8CE3BB7308D}.Release|Any CPU.Build.0 = Release|Any CPU
	EndGlobalSection
	GlobalSection(SolutionProperties) = preSolution
		HideSolutionNode = FALSE
	EndGlobalSection
EndGlobal
